
Microsoft Visual Studio Solution File, Format Version 12.00
# Visual Studio Version 17
VisualStudioVersion = 17.6.33815.320
MinimumVisualStudioVersion = 10.0.40219.1
Project("{FAE04EC0-301F-11D3-BF4B-00C04F79EFBC}") = "1datatypes", "datatypes\1datatypes.csproj", "{65FF3E2D-ED4A-4768-B8D0-F0E6CD2161EF}"
EndProject
Project("{FAE04EC0-301F-11D3-BF4B-00C04F79EFBC}") = "2ExplictImplicitTypeConversion", "ExplictImplicitTypeConversion\2ExplictImplicitTypeConversion.csproj", "{A62473BB-7F0A-44A4-ACCF-1019F5757B41}"
EndProject
Project("{FAE04EC0-301F-11D3-BF4B-00C04F79EFBC}") = "3stringManipulationMethodsOperations", "stringManipulationMethodsOperations\3stringManipulationMethodsOperations.csproj", "{CBC87C85-DBDC-4411-9D9E-27F3C56D5F18}"
EndProject
Project("{FAE04EC0-301F-11D3-BF4B-00C04F79EFBC}") = "4MethodFunctions", "MethodFunctions\4MethodFunctions.csproj", "{FA4CFD2C-9758-4FAE-B4FB-0D3D057AFEB6}"
EndProject
Project("{FAE04EC0-301F-11D3-BF4B-00C04F79EFBC}") = "5Operators", "5Operators\5Operators.csproj", "{696A551A-D370-414D-A40D-69BF08126E5A}"
EndProject
Project("{FAE04EC0-301F-11D3-BF4B-00C04F79EFBC}") = "6DecisionMaking", "6DecisionMaking\6DecisionMaking.csproj", "{2788373C-32DD-4D03-8A93-F5576EB157B2}"
EndProject
Global
	GlobalSection(SolutionConfigurationPlatforms) = preSolution
		Debug|Any CPU = Debug|Any CPU
		Release|Any CPU = Release|Any CPU
	EndGlobalSection
	GlobalSection(ProjectConfigurationPlatforms) = postSolution
		{65FF3E2D-ED4A-4768-B8D0-F0E6CD2161EF}.Debug|Any CPU.ActiveCfg = Debug|Any CPU
		{65FF3E2D-ED4A-4768-B8D0-F0E6CD2161EF}.Debug|Any CPU.Build.0 = Debug|Any CPU
		{65FF3E2D-ED4A-4768-B8D0-F0E6CD2161EF}.Release|Any CPU.ActiveCfg = Release|Any CPU
		{65FF3E2D-ED4A-4768-B8D0-F0E6CD2161EF}.Release|Any CPU.Build.0 = Release|Any CPU
		{A62473BB-7F0A-44A4-ACCF-1019F5757B41}.Debug|Any CPU.ActiveCfg = Debug|Any CPU
		{A62473BB-7F0A-44A4-ACCF-1019F5757B41}.Debug|Any CPU.Build.0 = Debug|Any CPU
		{A62473BB-7F0A-44A4-ACCF-1019F5757B41}.Release|Any CPU.ActiveCfg = Release|Any CPU
		{A62473BB-7F0A-44A4-ACCF-1019F5757B41}.Release|Any CPU.Build.0 = Release|Any CPU
		{CBC87C85-DBDC-4411-9D9E-27F3C56D5F18}.Debug|Any CPU.ActiveCfg = Debug|Any CPU
		{CBC87C85-DBDC-4411-9D9E-27F3C56D5F18}.Debug|Any CPU.Build.0 = Debug|Any CPU
		{CBC87C85-DBDC-4411-9D9E-27F3C56D5F18}.Release|Any CPU.ActiveCfg = Release|Any CPU
		{CBC87C85-DBDC-4411-9D9E-27F3C56D5F18}.Release|Any CPU.Build.0 = Release|Any CPU
		{FA4CFD2C-9758-4FAE-B4FB-0D3D057AFEB6}.Debug|Any CPU.ActiveCfg = Debug|Any CPU
		{FA4CFD2C-9758-4FAE-B4FB-0D3D057AFEB6}.Debug|Any CPU.Build.0 = Debug|Any CPU
		{FA4CFD2C-9758-4FAE-B4FB-0D3D057AFEB6}.Release|Any CPU.ActiveCfg = Release|Any CPU
		{FA4CFD2C-9758-4FAE-B4FB-0D3D057AFEB6}.Release|Any CPU.Build.0 = Release|Any CPU
		{696A551A-D370-414D-A40D-69BF08126E5A}.Debug|Any CPU.ActiveCfg = Debug|Any CPU
		{696A551A-D370-414D-A40D-69BF08126E5A}.Debug|Any CPU.Build.0 = Debug|Any CPU
		{696A551A-D370-414D-A40D-69BF08126E5A}.Release|Any CPU.ActiveCfg = Release|Any CPU
		{696A551A-D370-414D-A40D-69BF08126E5A}.Release|Any CPU.Build.0 = Release|Any CPU
		{2788373C-32DD-4D03-8A93-F5576EB157B2}.Debug|Any CPU.ActiveCfg = Debug|Any CPU
		{2788373C-32DD-4D03-8A93-F5576EB157B2}.Debug|Any CPU.Build.0 = Debug|Any CPU
		{2788373C-32DD-4D03-8A93-F5576EB157B2}.Release|Any CPU.ActiveCfg = Release|Any CPU
		{2788373C-32DD-4D03-8A93-F5576EB157B2}.Release|Any CPU.Build.0 = Release|Any CPU
	EndGlobalSection
	GlobalSection(SolutionProperties) = preSolution
		HideSolutionNode = FALSE
	EndGlobalSection
	GlobalSection(ExtensibilityGlobals) = postSolution
		SolutionGuid = {F7D644DC-3536-481D-86D0-A3D653E86869}
	EndGlobalSection
EndGlobal
